
Microsoft Visual Studio Solution File, Format Version 12.00
# Visual Studio Version 17
VisualStudioVersion = 17.11.35222.181
MinimumVisualStudioVersion = 10.0.40219.1
Project("{FAE04EC0-301F-11D3-BF4B-00C04F79EFBC}") = "Labb 4 - Generic Collections", "Labb 4 - Generic Collections.csproj", "{24934984-27F1-400F-AD16-E50FFA2A2ACC}"
EndProject
Global
	GlobalSection(SolutionConfigurationPlatforms) = preSolution
		Debug|Any CPU = Debug|Any CPU
		Release|Any CPU = Release|Any CPU
	EndGlobalSection
	GlobalSection(ProjectConfigurationPlatforms) = postSolution
		{24934984-27F1-400F-AD16-E50FFA2A2ACC}.Debug|Any CPU.ActiveCfg = Debug|Any CPU
		{24934984-27F1-400F-AD16-E50FFA2A2ACC}.Debug|Any CPU.Build.0 = Debug|Any CPU
		{24934984-27F1-400F-AD16-E50FFA2A2ACC}.Release|Any CPU.ActiveCfg = Release|Any CPU
		{24934984-27F1-400F-AD16-E50FFA2A2ACC}.Release|Any CPU.Build.0 = Release|Any CPU
	EndGlobalSection
	GlobalSection(SolutionProperties) = preSolution
		HideSolutionNode = FALSE
	EndGlobalSection
	GlobalSection(ExtensibilityGlobals) = postSolution
		SolutionGuid = {16B1E4AA-64F0-4C2F-8F18-6FE99503422B}
	EndGlobalSection
EndGlobal
